
Microsoft Visual Studio Solution File, Format Version 12.00
# Visual Studio Version 16
VisualStudioVersion = 16.0.32802.440
MinimumVisualStudioVersion = 10.0.40219.1
Project("{9A19103F-16F7-4668-BE54-9A1E7A4F7556}") = "ConsoleApp1", "ConsoleApp1\ConsoleApp1.csproj", "{5A497CF9-81F5-4170-A50A-14B9DB4E2E4E}"
EndProject
Project("{FAE04EC0-301F-11D3-BF4B-00C04F79EFBC}") = "TestesUnitarios", "TestesUnitarios\TestesUnitarios.csproj", "{D36EAF96-BF72-4EFA-9AD3-D89732C96BF5}"
EndProject
Global
	GlobalSection(SolutionConfigurationPlatforms) = preSolution
		Debug|Any CPU = Debug|Any CPU
		Release|Any CPU = Release|Any CPU
	EndGlobalSection
	GlobalSection(ProjectConfigurationPlatforms) = postSolution
		{5A497CF9-81F5-4170-A50A-14B9DB4E2E4E}.Debug|Any CPU.ActiveCfg = Debug|Any CPU
		{5A497CF9-81F5-4170-A50A-14B9DB4E2E4E}.Debug|Any CPU.Build.0 = Debug|Any CPU
		{5A497CF9-81F5-4170-A50A-14B9DB4E2E4E}.Release|Any CPU.ActiveCfg = Release|Any CPU
		{5A497CF9-81F5-4170-A50A-14B9DB4E2E4E}.Release|Any CPU.Build.0 = Release|Any CPU
		{D36EAF96-BF72-4EFA-9AD3-D89732C96BF5}.Debug|Any CPU.ActiveCfg = Debug|Any CPU
		{D36EAF96-BF72-4EFA-9AD3-D89732C96BF5}.Debug|Any CPU.Build.0 = Debug|Any CPU
		{D36EAF96-BF72-4EFA-9AD3-D89732C96BF5}.Release|Any CPU.ActiveCfg = Release|Any CPU
		{D36EAF96-BF72-4EFA-9AD3-D89732C96BF5}.Release|Any CPU.Build.0 = Release|Any CPU
	EndGlobalSection
	GlobalSection(SolutionProperties) = preSolution
		HideSolutionNode = FALSE
	EndGlobalSection
	GlobalSection(ExtensibilityGlobals) = postSolution
		SolutionGuid = {E59A5F7D-F9DB-4433-8839-B7BA140A7188}
	EndGlobalSection
EndGlobal
